
Microsoft Visual Studio Solution File, Format Version 12.00
# Visual Studio Version 17
VisualStudioVersion = 17.5.33530.505
MinimumVisualStudioVersion = 10.0.40219.1
Project("{FAE04EC0-301F-11D3-BF4B-00C04F79EFBC}") = "Entity", "Entity\Entity.csproj", "{957F82E1-5B97-4D3B-82EA-4731B5B7078A}"
EndProject
Project("{FAE04EC0-301F-11D3-BF4B-00C04F79EFBC}") = "DataAccess", "DataAccess\DataAccess.csproj", "{75687FB7-0512-4E7F-B277-9F546263EC23}"
EndProject
Project("{FAE04EC0-301F-11D3-BF4B-00C04F79EFBC}") = "LoginSampleAPI", "LoginSampleAPI\LoginSampleAPI.csproj", "{5DB89F31-9796-46A3-9FE3-AB33D7D2D8C5}"
EndProject
Project("{FAE04EC0-301F-11D3-BF4B-00C04F79EFBC}") = "Business", "Business\Business.csproj", "{804A0B17-4CD8-4228-AF6D-1A643DAE3A4D}"
EndProject
Project("{FAE04EC0-301F-11D3-BF4B-00C04F79EFBC}") = "Core", "Core\Core.csproj", "{F3F4447E-1FD3-462B-8D91-ED889FB003CE}"
EndProject
Global
	GlobalSection(SolutionConfigurationPlatforms) = preSolution
		Debug|Any CPU = Debug|Any CPU
		Release|Any CPU = Release|Any CPU
	EndGlobalSection
	GlobalSection(ProjectConfigurationPlatforms) = postSolution
		{957F82E1-5B97-4D3B-82EA-4731B5B7078A}.Debug|Any CPU.ActiveCfg = Debug|Any CPU
		{957F82E1-5B97-4D3B-82EA-4731B5B7078A}.Debug|Any CPU.Build.0 = Debug|Any CPU
		{957F82E1-5B97-4D3B-82EA-4731B5B7078A}.Release|Any CPU.ActiveCfg = Release|Any CPU
		{957F82E1-5B97-4D3B-82EA-4731B5B7078A}.Release|Any CPU.Build.0 = Release|Any CPU
		{75687FB7-0512-4E7F-B277-9F546263EC23}.Debug|Any CPU.ActiveCfg = Debug|Any CPU
		{75687FB7-0512-4E7F-B277-9F546263EC23}.Debug|Any CPU.Build.0 = Debug|Any CPU
		{75687FB7-0512-4E7F-B277-9F546263EC23}.Release|Any CPU.ActiveCfg = Release|Any CPU
		{75687FB7-0512-4E7F-B277-9F546263EC23}.Release|Any CPU.Build.0 = Release|Any CPU
		{5DB89F31-9796-46A3-9FE3-AB33D7D2D8C5}.Debug|Any CPU.ActiveCfg = Debug|Any CPU
		{5DB89F31-9796-46A3-9FE3-AB33D7D2D8C5}.Debug|Any CPU.Build.0 = Debug|Any CPU
		{5DB89F31-9796-46A3-9FE3-AB33D7D2D8C5}.Release|Any CPU.ActiveCfg = Release|Any CPU
		{5DB89F31-9796-46A3-9FE3-AB33D7D2D8C5}.Release|Any CPU.Build.0 = Release|Any CPU
		{804A0B17-4CD8-4228-AF6D-1A643DAE3A4D}.Debug|Any CPU.ActiveCfg = Debug|Any CPU
		{804A0B17-4CD8-4228-AF6D-1A643DAE3A4D}.Debug|Any CPU.Build.0 = Debug|Any CPU
		{804A0B17-4CD8-4228-AF6D-1A643DAE3A4D}.Release|Any CPU.ActiveCfg = Release|Any CPU
		{804A0B17-4CD8-4228-AF6D-1A643DAE3A4D}.Release|Any CPU.Build.0 = Release|Any CPU
		{F3F4447E-1FD3-462B-8D91-ED889FB003CE}.Debug|Any CPU.ActiveCfg = Debug|Any CPU
		{F3F4447E-1FD3-462B-8D91-ED889FB003CE}.Debug|Any CPU.Build.0 = Debug|Any CPU
		{F3F4447E-1FD3-462B-8D91-ED889FB003CE}.Release|Any CPU.ActiveCfg = Release|Any CPU
		{F3F4447E-1FD3-462B-8D91-ED889FB003CE}.Release|Any CPU.Build.0 = Release|Any CPU
	EndGlobalSection
	GlobalSection(SolutionProperties) = preSolution
		HideSolutionNode = FALSE
	EndGlobalSection
	GlobalSection(ExtensibilityGlobals) = postSolution
		SolutionGuid = {75AB52A1-EEB5-4C30-B096-2DBDEA08F53A}
	EndGlobalSection
EndGlobal
